# This file is autogenerated, do not edit; changes may be undone by the next 'dep ensure'.


[[projects]]
  branch = "master"
  name = "github.com/nfnt/resize"
  packages = ["."]
  revision = "83c6a9932646f83e3267f353373d47347b6036b2"

[[projects]]
  branch = "master"
  name = "github.com/weaming/golib"
  packages = ["fs"]
  revision = "a7ce26010e56b481c28d1b329391d113b9da928d"

[solve-meta]
  analyzer-name = "dep"
  analyzer-version = 1
  inputs-digest = "6db5c84f3140edabce3d0bfca4b94cdd6329bb56a0ba62a4f4b65fe4a7e26ffe"
  solver-name = "gps-cdcl"
  solver-version = 1
